
Microsoft Visual Studio Solution File, Format Version 12.00
# Visual Studio Version 17
VisualStudioVersion = 17.10.34928.147
MinimumVisualStudioVersion = 10.0.40219.1
Project("{FAE04EC0-301F-11D3-BF4B-00C04F79EFBC}") = "Joke_CRUD", "Joke_CRUD.csproj", "{5ED0F77E-9852-4097-98BD-03ADED53960A}"
EndProject
Global
	GlobalSection(SolutionConfigurationPlatforms) = preSolution
		Debug|Any CPU = Debug|Any CPU
		Release|Any CPU = Release|Any CPU
	EndGlobalSection
	GlobalSection(ProjectConfigurationPlatforms) = postSolution
		{5ED0F77E-9852-4097-98BD-03ADED53960A}.Debug|Any CPU.ActiveCfg = Debug|Any CPU
		{5ED0F77E-9852-4097-98BD-03ADED53960A}.Debug|Any CPU.Build.0 = Debug|Any CPU
		{5ED0F77E-9852-4097-98BD-03ADED53960A}.Release|Any CPU.ActiveCfg = Release|Any CPU
		{5ED0F77E-9852-4097-98BD-03ADED53960A}.Release|Any CPU.Build.0 = Release|Any CPU
	EndGlobalSection
	GlobalSection(SolutionProperties) = preSolution
		HideSolutionNode = FALSE
	EndGlobalSection
	GlobalSection(ExtensibilityGlobals) = postSolution
		SolutionGuid = {11A64525-7F38-4ED6-9BD7-989E30BB1807}
	EndGlobalSection
EndGlobal
